
Microsoft Visual Studio Solution File, Format Version 12.00
# Visual Studio Version 17
VisualStudioVersion = 17.5.33627.172
MinimumVisualStudioVersion = 10.0.40219.1
Project("{FAE04EC0-301F-11D3-BF4B-00C04F79EFBC}") = "Melo_ITSolutions", "Melo_ITSolutions.csproj", "{72B74175-57CB-429E-9DD1-8C4A730DA89D}"
EndProject
Global
	GlobalSection(SolutionConfigurationPlatforms) = preSolution
		Debug|Any CPU = Debug|Any CPU
		Release|Any CPU = Release|Any CPU
	EndGlobalSection
	GlobalSection(ProjectConfigurationPlatforms) = postSolution
		{72B74175-57CB-429E-9DD1-8C4A730DA89D}.Debug|Any CPU.ActiveCfg = Debug|Any CPU
		{72B74175-57CB-429E-9DD1-8C4A730DA89D}.Debug|Any CPU.Build.0 = Debug|Any CPU
		{72B74175-57CB-429E-9DD1-8C4A730DA89D}.Release|Any CPU.ActiveCfg = Release|Any CPU
		{72B74175-57CB-429E-9DD1-8C4A730DA89D}.Release|Any CPU.Build.0 = Release|Any CPU
	EndGlobalSection
	GlobalSection(SolutionProperties) = preSolution
		HideSolutionNode = FALSE
	EndGlobalSection
	GlobalSection(ExtensibilityGlobals) = postSolution
		SolutionGuid = {4B6281F1-D5D2-4EDE-BAE1-A8FDEE2FDC8B}
	EndGlobalSection
EndGlobal
